
Microsoft Visual Studio Solution File, Format Version 12.00
# Visual Studio 15
Project("{FAE04EC0-301F-11D3-BF4B-00C04F79EFBC}") = "Assembly-CSharp", "Assembly-CSharp.csproj", "{C52BA52C-192D-DA51-7B83-74067663BADD}"
EndProject
Global
	GlobalSection(SolutionConfigurationPlatforms) = preSolution
		Debug|Any CPU = Debug|Any CPU
		Release|Any CPU = Release|Any CPU
	EndGlobalSection
	GlobalSection(ProjectConfigurationPlatforms) = postSolution
		{C52BA52C-192D-DA51-7B83-74067663BADD}.Debug|Any CPU.ActiveCfg = Debug|Any CPU
		{C52BA52C-192D-DA51-7B83-74067663BADD}.Debug|Any CPU.Build.0 = Debug|Any CPU
		{C52BA52C-192D-DA51-7B83-74067663BADD}.Release|Any CPU.ActiveCfg = Release|Any CPU
		{C52BA52C-192D-DA51-7B83-74067663BADD}.Release|Any CPU.Build.0 = Release|Any CPU
	EndGlobalSection
	GlobalSection(SolutionProperties) = preSolution
		HideSolutionNode = FALSE
	EndGlobalSection
EndGlobal
